# THIS IS AN AUTOGENERATED FILE. DO NOT EDIT THIS FILE DIRECTLY.
# yarn lockfile v1


"@hapi/accept@3.x.x":
  version "3.2.3"
  resolved "https://registry.yarnpkg.com/@hapi/accept/-/accept-3.2.3.tgz#6947259928ed28df2736c7daffbfc739b72adfcc"
  integrity sha512-qEzsOJkCAJZxwj3iF83bSG9Lxy8Bpbrt8mRLNdvSALT6vlU2cYh6ZEHKEZPy4h/Mo31Su3j0rJgFF91+W1RWDQ==
  dependencies:
    "@hapi/boom" "7.x.x"
    "@hapi/hoek" "8.x.x"

"@hapi/address@2.x.x", "@hapi/address@^2.1.2":
  version "2.1.2"
  resolved "https://registry.yarnpkg.com/@hapi/address/-/address-2.1.2.tgz#1c794cd6dbf2354d1eb1ef10e0303f573e1c7222"
  integrity sha512-O4QDrx+JoGKZc6aN64L04vqa7e41tIiLU+OvKdcYaEMP97UttL0f9GIi9/0A4WAMx0uBd6SidDIhktZhgOcN8Q==

"@hapi/ammo@3.x.x":
  version "3.1.1"
  resolved "https://registry.yarnpkg.com/@hapi/ammo/-/ammo-3.1.1.tgz#ab700dac10f0b7fc5b7168c550c6be45ec3b981b"
  integrity sha512-NYFK27VSPGyQ/KmOQedpQH4PSjE7awLntepX68vrYtRvuJO21W1kX0bK2p3C+6ltUwtCQSvmNT8a4uMVAysC6Q==
  dependencies:
    "@hapi/hoek" "8.x.x"

"@hapi/b64@4.x.x":
  version "4.2.1"
  resolved "https://registry.yarnpkg.com/@hapi/b64/-/b64-4.2.1.tgz#bf8418d7907c5e73463f2e3b5c6fca7e9f2a1357"
  integrity sha512-zqHpQuH5CBMw6hADzKfU/IGNrxq1Q+/wTYV+OiZRQN9F3tMyk+9BUMeBvFRMamduuqL8iSp62QAnJ+7ATiYLWA==
  dependencies:
    "@hapi/hoek" "8.x.x"

"@hapi/boom@7.x.x":
  version "7.4.11"
  resolved "https://registry.yarnpkg.com/@hapi/boom/-/boom-7.4.11.tgz#37af8417eb9416aef3367aa60fa04a1a9f1fc262"
  integrity sha512-VSU/Cnj1DXouukYxxkes4nNJonCnlogHvIff1v1RVoN4xzkKhMXX+GRmb3NyH1iar10I9WFPDv2JPwfH3GaV0A==
  dependencies:
    "@hapi/hoek" "8.x.x"

"@hapi/bounce@1.x.x":
  version "1.3.2"
  resolved "https://registry.yarnpkg.com/@hapi/bounce/-/bounce-1.3.2.tgz#3b096bb02f67de6115e6e4f0debc390be5a86bad"
  integrity sha512-3bnb1AlcEByFZnpDIidxQyw1Gds81z/1rSqlx4bIEE+wUN0ATj0D49B5cE1wGocy90Rp/de4tv7GjsKd5RQeew==
  dependencies:
    "@hapi/boom" "7.x.x"
    "@hapi/hoek" "^8.3.1"

"@hapi/bourne@1.x.x":
  version "1.3.2"
  resolved "https://registry.yarnpkg.com/@hapi/bourne/-/bourne-1.3.2.tgz#0a7095adea067243ce3283e1b56b8a8f453b242a"
  integrity sha512-1dVNHT76Uu5N3eJNTYcvxee+jzX4Z9lfciqRRHCU27ihbUcYi+iSc2iml5Ke1LXe1SyJCLA0+14Jh4tXJgOppA==

"@hapi/call@5.x.x":
  version "5.1.2"
  resolved "https://registry.yarnpkg.com/@hapi/call/-/call-5.1.2.tgz#e6938951aed4443359f17c1e5916b6c02ff0887d"
  integrity sha512-10XyXbpo0fAXmOf/Q4BCgsQrrTZuwa6/FcSnuKqD06sZz5yMCmJTD8VpmolEjEfwJqXtQBZHj9g/IYcmHk3nxQ==
  dependencies:
    "@hapi/boom" "7.x.x"
    "@hapi/hoek" "8.x.x"

"@hapi/catbox-memory@4.x.x":
  version "4.1.1"
  resolved "https://registry.yarnpkg.com/@hapi/catbox-memory/-/catbox-memory-4.1.1.tgz#263a6f3361f7a200552c5772c98a8e80a1da712f"
  integrity sha512-T6Hdy8DExzG0jY7C8yYWZB4XHfc0v+p1EGkwxl2HoaPYAmW7I3E59M/IvmSVpis8RPcIoBp41ZpO2aZPBpM2Ww==
  dependencies:
    "@hapi/boom" "7.x.x"
    "@hapi/hoek" "8.x.x"

"@hapi/catbox@10.x.x":
  version "10.2.3"
  resolved "https://registry.yarnpkg.com/@hapi/catbox/-/catbox-10.2.3.tgz#2df51ab943d7613df3718fa2bfd981dd9558cec5"
  integrity sha512-kN9hXO4NYyOHW09CXiuj5qW1syc/0XeVOBsNNk0Tz89wWNQE5h21WF+VsfAw3uFR8swn/Wj3YEVBnWqo82m/JQ==
  dependencies:
    "@hapi/boom" "7.x.x"
    "@hapi/hoek" "8.x.x"
    "@hapi/joi" "16.x.x"
    "@hapi/podium" "3.x.x"

"@hapi/content@4.x.x":
  version "4.1.0"
  resolved "https://registry.yarnpkg.com/@hapi/content/-/content-4.1.0.tgz#5265516949ca081e85a43e97c1058ff53fc69714"
  integrity sha512-hv2Czsl49hnWDEfRZOFow/BmYbKyfEknmk3k83gOp6moFn5ceHB4xVcna8OwsGfy8dxO81lhpPy+JgQEaU4SWw==
  dependencies:
    "@hapi/boom" "7.x.x"

"@hapi/cookie@^10.1.2":
  version "10.1.2"
  resolved "https://registry.yarnpkg.com/@hapi/cookie/-/cookie-10.1.2.tgz#9ea7d80f05d764faaf892b84e80c1bf13f5e3bf5"
  integrity sha512-wch/uT5NgDEujmaLIqUoohbEP6PUr4ML2Z6zqheWHeHrSzXangPH4dveW+fiMsoPMW2S9ecAyUjCfkh4qRfxjg==
  dependencies:
    "@hapi/boom" "7.x.x"
    "@hapi/bounce" "1.x.x"
    "@hapi/hoek" "8.x.x"
    "@hapi/joi" "16.x.x"

"@hapi/cryptiles@4.x.x":
  version "4.2.1"
  resolved "https://registry.yarnpkg.com/@hapi/cryptiles/-/cryptiles-4.2.1.tgz#ff0f18d79074659838caedbb911851313ad1ffbc"
  integrity sha512-XoqgKsHK0l/VpqPs+tr6j6vE+VQ3+2bkF2stvttmc7xAOf1oSAwHcJ0tlp/6MxMysktt1IEY0Csy3khKaP9/uQ==
  dependencies:
    "@hapi/boom" "7.x.x"

"@hapi/file@1.x.x":
  version "1.0.0"
  resolved "https://registry.yarnpkg.com/@hapi/file/-/file-1.0.0.tgz#c91c39fd04db8bed5af82d2e032e7a4e65555b38"
  integrity sha512-Bsfp/+1Gyf70eGtnIgmScvrH8sSypO3TcK3Zf0QdHnzn/ACnAkI6KLtGACmNRPEzzIy+W7aJX5E+1fc9GwIABQ==

"@hapi/formula@^1.2.0":
  version "1.2.0"
  resolved "https://registry.yarnpkg.com/@hapi/formula/-/formula-1.2.0.tgz#994649c7fea1a90b91a0a1e6d983523f680e10cd"
  integrity sha512-UFbtbGPjstz0eWHb+ga/GM3Z9EzqKXFWIbSOFURU0A/Gku0Bky4bCk9/h//K2Xr3IrCfjFNhMm4jyZ5dbCewGA==

"@hapi/hapi@^18.4.0":
  version "18.4.0"
  resolved "https://registry.yarnpkg.com/@hapi/hapi/-/hapi-18.4.0.tgz#607c33e31741bacba107011e2e24eaf431d8cc7a"
  integrity sha512-uk9zqknRLcNVQKgrPURm85DqkdroWP8eDRekh/IPoKvC4VjdZSn6EH2eUriOwyud/CldeBS3HDIJ/PtRj3VxDQ==
  dependencies:
    "@hapi/accept" "3.x.x"
    "@hapi/ammo" "3.x.x"
    "@hapi/boom" "7.x.x"
    "@hapi/bounce" "1.x.x"
    "@hapi/call" "5.x.x"
    "@hapi/catbox" "10.x.x"
    "@hapi/catbox-memory" "4.x.x"
    "@hapi/heavy" "6.x.x"
    "@hapi/hoek" "8.x.x"
    "@hapi/joi" "15.x.x"
    "@hapi/mimos" "4.x.x"
    "@hapi/podium" "3.x.x"
    "@hapi/shot" "4.x.x"
    "@hapi/somever" "2.x.x"
    "@hapi/statehood" "6.x.x"
    "@hapi/subtext" "6.x.x"
    "@hapi/teamwork" "3.x.x"
    "@hapi/topo" "3.x.x"

"@hapi/heavy@6.x.x":
  version "6.2.2"
  resolved "https://registry.yarnpkg.com/@hapi/heavy/-/heavy-6.2.2.tgz#d42a282c62d5bb6332e497d8ce9ba52f1609f3e6"
  integrity sha512-PY1dCCO6dsze7RlafIRhTaGeyTgVe49A/lSkxbhKGjQ7x46o/OFf7hLiRqTCDh3atcEKf6362EaB3+kTUbCsVA==
  dependencies:
    "@hapi/boom" "7.x.x"
    "@hapi/hoek" "8.x.x"
    "@hapi/joi" "16.x.x"

"@hapi/hoek@8.x.x", "@hapi/hoek@^8.2.4", "@hapi/hoek@^8.3.0", "@hapi/hoek@^8.3.1":
  version "8.5.0"
  resolved "https://registry.yarnpkg.com/@hapi/hoek/-/hoek-8.5.0.tgz#2f9ce301c8898e1c3248b0a8564696b24d1a9a5a"
  integrity sha512-7XYT10CZfPsH7j9F1Jmg1+d0ezOux2oM2GfArAzLwWe4mE2Dr3hVjsAL6+TFY49RRJlCdJDMw3nJsLFroTc8Kw==

"@hapi/iron@5.x.x":
  version "5.1.4"
  resolved "https://registry.yarnpkg.com/@hapi/iron/-/iron-5.1.4.tgz#7406f36847f798f52b92d1d97f855e27973832b7"
  integrity sha512-+ElC+OCiwWLjlJBmm8ZEWjlfzTMQTdgPnU/TsoU5QsktspIWmWi9IU4kU83nH+X/SSya8TP8h8P11Wr5L7dkQQ==
  dependencies:
    "@hapi/b64" "4.x.x"
    "@hapi/boom" "7.x.x"
    "@hapi/bourne" "1.x.x"
    "@hapi/cryptiles" "4.x.x"
    "@hapi/hoek" "8.x.x"

"@hapi/joi@15.x.x":
  version "15.1.1"
  resolved "https://registry.yarnpkg.com/@hapi/joi/-/joi-15.1.1.tgz#c675b8a71296f02833f8d6d243b34c57b8ce19d7"
  integrity sha512-entf8ZMOK8sc+8YfeOlM8pCfg3b5+WZIKBfUaaJT8UsjAAPjartzxIYm3TIbjvA4u+u++KbcXD38k682nVHDAQ==
  dependencies:
    "@hapi/address" "2.x.x"
    "@hapi/bourne" "1.x.x"
    "@hapi/hoek" "8.x.x"
    "@hapi/topo" "3.x.x"

"@hapi/joi@16.x.x":
  version "16.1.7"
  resolved "https://registry.yarnpkg.com/@hapi/joi/-/joi-16.1.7.tgz#360857223a87bb1f5f67691537964c1b4908ed93"
  integrity sha512-anaIgnZhNooG3LJLrTFzgGALTiO97zRA1UkvQHm9KxxoSiIzCozB3RCNCpDnfhTJD72QlrHA8nwGmNgpFFCIeg==
  dependencies:
    "@hapi/address" "^2.1.2"
    "@hapi/formula" "^1.2.0"
    "@hapi/hoek" "^8.2.4"
    "@hapi/pinpoint" "^1.0.2"
    "@hapi/topo" "^3.1.3"

"@hapi/mimos@4.x.x":
  version "4.1.1"
  resolved "https://registry.yarnpkg.com/@hapi/mimos/-/mimos-4.1.1.tgz#4dab8ed5c64df0603c204c725963a5faa4687e8a"
  integrity sha512-CXoi/zfcTWfKYX756eEea8rXJRIb9sR4d7VwyAH9d3BkDyNgAesZxvqIdm55npQc6S9mU3FExinMAQVlIkz0eA==
  dependencies:
    "@hapi/hoek" "8.x.x"
    mime-db "1.x.x"

"@hapi/nigel@3.x.x":
  version "3.1.1"
  resolved "https://registry.yarnpkg.com/@hapi/nigel/-/nigel-3.1.1.tgz#84794021c9ee6e48e854fea9fb76e9f7e78c99ad"
  integrity sha512-R9YWx4S8yu0gcCBrMUDCiEFm1SQT895dMlYoeNBp8I6YhF1BFF1iYPueKA2Kkp9BvyHdjmvrxCOns7GMmpl+Fw==
  dependencies:
    "@hapi/hoek" "8.x.x"
    "@hapi/vise" "3.x.x"

"@hapi/pez@4.x.x":
  version "4.1.1"
  resolved "https://registry.yarnpkg.com/@hapi/pez/-/pez-4.1.1.tgz#d515ed75bc082cb6da3ab8d7804a3b41a4d63be6"
  integrity sha512-TUa2C7Xk6J69HWrm+Ad+O6dFvdVAG0BiFUYaRsmkdWjFIfwHBCaOI1dWT/juNukSb39Lj6/mDVyjN+H4nKB3xg==
  dependencies:
    "@hapi/b64" "4.x.x"
    "@hapi/boom" "7.x.x"
    "@hapi/content" "4.x.x"
    "@hapi/hoek" "8.x.x"
    "@hapi/nigel" "3.x.x"

"@hapi/pinpoint@^1.0.2":
  version "1.0.2"
  resolved "https://registry.yarnpkg.com/@hapi/pinpoint/-/pinpoint-1.0.2.tgz#025b7a36dbbf4d35bf1acd071c26b20ef41e0d13"
  integrity sha512-dtXC/WkZBfC5vxscazuiJ6iq4j9oNx1SHknmIr8hofarpKUZKmlUVYVIhNVzIEgK5Wrc4GMHL5lZtt1uS2flmQ==

"@hapi/podium@3.x.x":
  version "3.4.3"
  resolved "https://registry.yarnpkg.com/@hapi/podium/-/podium-3.4.3.tgz#d28935870ae1372e2f983a7161e710c968a60de1"
  integrity sha512-QJlnYLEYZWlKQ9fSOtuUcpANyoVGwT68GA9P0iQQCAetBK0fI+nbRBt58+aMixoifczWZUthuGkNjqKxgPh/CQ==
  dependencies:
    "@hapi/hoek" "8.x.x"
    "@hapi/joi" "16.x.x"

"@hapi/shot@4.x.x":
  version "4.1.2"
  resolved "https://registry.yarnpkg.com/@hapi/shot/-/shot-4.1.2.tgz#69f999956041fe468701a89a413175a521dabed5"
  integrity sha512-6LeHLjvsq/bQ0R+fhEyr7mqExRGguNTrxFZf5DyKe3CK6pNabiGgYO4JVFaRrLZ3JyuhkS0fo8iiRE2Ql2oA/A==
  dependencies:
    "@hapi/hoek" "8.x.x"
    "@hapi/joi" "16.x.x"

"@hapi/somever@2.x.x":
  version "2.1.1"
  resolved "https://registry.yarnpkg.com/@hapi/somever/-/somever-2.1.1.tgz#142bddf7cc4d829f678ed4e60618630a9a7ae845"
  integrity sha512-cic5Sto4KGd9B0oQSdKTokju+rYhCbdpzbMb0EBnrH5Oc1z048hY8PaZ1lx2vBD7I/XIfTQVQetBH57fU51XRA==
  dependencies:
    "@hapi/bounce" "1.x.x"
    "@hapi/hoek" "8.x.x"

"@hapi/statehood@6.x.x":
  version "6.1.2"
  resolved "https://registry.yarnpkg.com/@hapi/statehood/-/statehood-6.1.2.tgz#6dda508b5da99a28a3ed295c3cac795cf6c12a02"
  integrity sha512-pYXw1x6npz/UfmtcpUhuMvdK5kuOGTKcJNfLqdNptzietK2UZH5RzNJSlv5bDHeSmordFM3kGItcuQWX2lj2nQ==
  dependencies:
    "@hapi/boom" "7.x.x"
    "@hapi/bounce" "1.x.x"
    "@hapi/bourne" "1.x.x"
    "@hapi/cryptiles" "4.x.x"
    "@hapi/hoek" "8.x.x"
    "@hapi/iron" "5.x.x"
    "@hapi/joi" "16.x.x"

"@hapi/subtext@6.x.x":
  version "6.1.2"
  resolved "https://registry.yarnpkg.com/@hapi/subtext/-/subtext-6.1.2.tgz#87754f0c25b4e2676575a3686541e5b555b0c717"
  integrity sha512-G1kqD1E2QdxpvpL26WieIyo3z0qCa/sAGSa2TJI/PYPWCR9rL0rqFvhWY774xPZ4uK1PV3TIaJcx8AruAvxclg==
  dependencies:
    "@hapi/boom" "7.x.x"
    "@hapi/bourne" "1.x.x"
    "@hapi/content" "4.x.x"
    "@hapi/file" "1.x.x"
    "@hapi/hoek" "8.x.x"
    "@hapi/pez" "4.x.x"
    "@hapi/wreck" "15.x.x"

"@hapi/teamwork@3.x.x":
  version "3.3.1"
  resolved "https://registry.yarnpkg.com/@hapi/teamwork/-/teamwork-3.3.1.tgz#b52d0ec48682dc793926bd432e22ceb19c915d3f"
  integrity sha512-61tiqWCYvMKP7fCTXy0M4VE6uNIwA0qvgFoiDubgfj7uqJ0fdHJFQNnVPGrxhLWlwz0uBPWrQlBH7r8y9vFITQ==

"@hapi/topo@3.x.x", "@hapi/topo@^3.1.3":
  version "3.1.6"
  resolved "https://registry.yarnpkg.com/@hapi/topo/-/topo-3.1.6.tgz#68d935fa3eae7fdd5ab0d7f953f3205d8b2bfc29"
  integrity sha512-tAag0jEcjwH+P2quUfipd7liWCNX2F8NvYjQp2wtInsZxnMlypdw0FtAOLxtvvkO+GSRRbmNi8m/5y42PQJYCQ==
  dependencies:
    "@hapi/hoek" "^8.3.0"

"@hapi/vise@3.x.x":
  version "3.1.1"
  resolved "https://registry.yarnpkg.com/@hapi/vise/-/vise-3.1.1.tgz#dfc88f2ac90682f48bdc1b3f9b8f1eab4eabe0c8"
  integrity sha512-OXarbiCSadvtg+bSdVPqu31Z1JoBL+FwNYz3cYoBKQ5xq1/Cr4A3IkGpAZbAuxU5y4NL5pZFZG3d2a3ZGm/dOQ==
  dependencies:
    "@hapi/hoek" "8.x.x"

"@hapi/wreck@15.x.x":
  version "15.1.0"
  resolved "https://registry.yarnpkg.com/@hapi/wreck/-/wreck-15.1.0.tgz#7917cd25950ce9b023f7fd2bea6e2ef72c71e59d"
  integrity sha512-tQczYRTTeYBmvhsek/D49En/5khcShaBEmzrAaDjMrFXKJRuF8xA8+tlq1ETLBFwGd6Do6g2OC74rt11kzawzg==
  dependencies:
    "@hapi/boom" "7.x.x"
    "@hapi/bourne" "1.x.x"
    "@hapi/hoek" "8.x.x"

"@types/node@*":
  version "12.12.7"
  resolved "https://registry.yarnpkg.com/@types/node/-/node-12.12.7.tgz#01e4ea724d9e3bd50d90c11fd5980ba317d8fa11"
  integrity sha512-E6Zn0rffhgd130zbCbAr/JdXfXkoOUFAKNs/rF8qnafSJ8KYaA/j3oz7dcwal+lYjLA7xvdd5J4wdYpCTlP8+w==

any-promise@^1.3.0:
  version "1.3.0"
  resolved "https://registry.yarnpkg.com/any-promise/-/any-promise-1.3.0.tgz#abc6afeedcea52e809cdc0376aed3ce39635d17f"
  integrity sha1-q8av7tzqUugJzcA3au0845Y10X8=

bluebird@^3.5.0:
  version "3.7.1"
  resolved "https://registry.yarnpkg.com/bluebird/-/bluebird-3.7.1.tgz#df70e302b471d7473489acf26a93d63b53f874de"
  integrity sha512-DdmyoGCleJnkbp3nkbxTLJ18rjDsE4yCggEwKNXkeV123sPNfOCYeDoeuOY+F2FrSjO1YXcTU+dsy96KMy+gcg==

boom@^7.2.0:
  version "7.3.0"
  resolved "https://registry.yarnpkg.com/boom/-/boom-7.3.0.tgz#733a6d956d33b0b1999da3fe6c12996950d017b9"
  integrity sha512-Swpoyi2t5+GhOEGw8rEsKvTxFLIDiiKoUc2gsoV6Lyr43LHBIzch3k2MvYUs8RTROrIkVJ3Al0TkaOGjnb+B6A==
  dependencies:
    hoek "6.x.x"

cls-bluebird@^2.1.0:
  version "2.1.0"
  resolved "https://registry.yarnpkg.com/cls-bluebird/-/cls-bluebird-2.1.0.tgz#37ef1e080a8ffb55c2f4164f536f1919e7968aee"
  integrity sha1-N+8eCAqP+1XC9BZPU28ZGeeWiu4=
  dependencies:
    is-bluebird "^1.0.2"
    shimmer "^1.1.0"

debug@^4.1.1:
  version "4.1.1"
  resolved "https://registry.yarnpkg.com/debug/-/debug-4.1.1.tgz#3b72260255109c6b589cee050f1d516139664791"
  integrity sha512-pYAIzeRo8J6KPEaJ0VWOh5Pzkbw/RetuzehGM7QRRX5he4fPHx2rdKMB256ehJCkX+XRQm16eZLqLNS8RSZXZw==
  dependencies:
    ms "^2.1.1"

denque@^1.4.1:
  version "1.4.1"
  resolved "https://registry.yarnpkg.com/denque/-/denque-1.4.1.tgz#6744ff7641c148c3f8a69c307e51235c1f4a37cf"
  integrity sha512-OfzPuSZKGcgr96rf1oODnfjqBFmr1DVoc/TrItj3Ohe0Ah1C5WX5Baquw/9U9KovnQ88EqmJbD66rKYUQYN1tQ==

dotenv@^8.1.0:
  version "8.2.0"
  resolved "https://registry.yarnpkg.com/dotenv/-/dotenv-8.2.0.tgz#97e619259ada750eea3e4ea3e26bceea5424b16a"
  integrity sha512-8sJ78ElpbDJBHNeBzUbUVLsqKdccaa/BXF1uPTw3GrvQTBgrQrtObr2mUrE38vzYd8cEv+m/JBfDLioYcfXoaw==

dottie@^2.0.0:
  version "2.0.1"
  resolved "https://registry.yarnpkg.com/dottie/-/dottie-2.0.1.tgz#697ad9d72004db7574d21f892466a3c285893659"
  integrity sha512-ch5OQgvGDK2u8pSZeSYAQaV/lczImd7pMJ7BcEPXmnFVjy4yJIzP6CsODJUTH8mg1tyH1Z2abOiuJO3DjZ/GBw==

generate-function@^2.3.1:
  version "2.3.1"
  resolved "https://registry.yarnpkg.com/generate-function/-/generate-function-2.3.1.tgz#f069617690c10c868e73b8465746764f97c3479f"
  integrity sha512-eeB5GfMNeevm/GRYq20ShmsaGcmI81kIX2K9XQx5miC8KdHaC6Jm0qQ8ZNeGOi7wYB8OsdxKs+Y2oVuTFuVwKQ==
  dependencies:
    is-property "^1.0.2"

hapi-authorization@^4.0.0:
  version "4.0.0"
  resolved "https://registry.yarnpkg.com/hapi-authorization/-/hapi-authorization-4.0.0.tgz#4c063451a50422588284484c2a22409d682deed2"
  integrity sha512-ghLkRuDGLINPv2HMWK0gI1WFEfbWE5amOd770yzV7PfupQDBTkwOjstjH853cpicKK7Nm+d6UQcq8SYO903E9w==
  dependencies:
    boom "^7.2.0"
    hoek "^5.0.3"
    joi "^13.4.0"
    underscore "^1.9.1"

hoek@5.x.x, hoek@^5.0.3:
  version "5.0.4"
  resolved "https://registry.yarnpkg.com/hoek/-/hoek-5.0.4.tgz#0f7fa270a1cafeb364a4b2ddfaa33f864e4157da"
  integrity sha512-Alr4ZQgoMlnere5FZJsIyfIjORBqZll5POhDsF4q64dPuJR6rNxXdDxtHSQq8OXRurhmx+PWYEE8bXRROY8h0w==

hoek@6.x.x:
  version "6.1.3"
  resolved "https://registry.yarnpkg.com/hoek/-/hoek-6.1.3.tgz#73b7d33952e01fe27a38b0457294b79dd8da242c"
  integrity sha512-YXXAAhmF9zpQbC7LEcREFtXfGq5K1fmd+4PHkBq8NUqmzW3G+Dq10bI/i0KucLRwss3YYFQ0fSfoxBZYiGUqtQ==

iconv-lite@^0.5.0:
  version "0.5.0"
  resolved "https://registry.yarnpkg.com/iconv-lite/-/iconv-lite-0.5.0.tgz#59cdde0a2a297cc2aeb0c6445a195ee89f127550"
  integrity sha512-NnEhI9hIEKHOzJ4f697DMz9IQEXr/MMJ5w64vN2/4Ai+wRnvV7SBrL0KLoRlwaKVghOc7LQ5YkPLuX146b6Ydw==
  dependencies:
    safer-buffer ">= 2.1.2 < 3"

inflection@1.12.0:
  version "1.12.0"
  resolved "https://registry.yarnpkg.com/inflection/-/inflection-1.12.0.tgz#a200935656d6f5f6bc4dc7502e1aecb703228416"
  integrity sha1-ogCTVlbW9fa8TcdQLhrstwMihBY=

is-bluebird@^1.0.2:
  version "1.0.2"
  resolved "https://registry.yarnpkg.com/is-bluebird/-/is-bluebird-1.0.2.tgz#096439060f4aa411abee19143a84d6a55346d6e2"
  integrity sha1-CWQ5Bg9KpBGr7hkUOoTWpVNG1uI=

is-property@^1.0.2:
  version "1.0.2"
  resolved "https://registry.yarnpkg.com/is-property/-/is-property-1.0.2.tgz#57fe1c4e48474edd65b09911f26b1cd4095dda84"
  integrity sha1-V/4cTkhHTt1lsJkR8msc1Ald2oQ=

isemail@3.x.x:
  version "3.2.0"
  resolved "https://registry.yarnpkg.com/isemail/-/isemail-3.2.0.tgz#59310a021931a9fb06bbb51e155ce0b3f236832c"
  integrity sha512-zKqkK+O+dGqevc93KNsbZ/TqTUFd46MwWjYOoMrjIMZ51eU7DtQG3Wmd9SQQT7i7RVnuTPEiYEWHU3MSbxC1Tg==
  dependencies:
    punycode "2.x.x"

joi@^13.4.0:
  version "13.7.0"
  resolved "https://registry.yarnpkg.com/joi/-/joi-13.7.0.tgz#cfd85ebfe67e8a1900432400b4d03bbd93fb879f"
  integrity sha512-xuY5VkHfeOYK3Hdi91ulocfuFopwgbSORmIwzcwHKESQhC7w1kD5jaVSPnqDxS2I8t3RZ9omCKAxNwXN5zG1/Q==
  dependencies:
    hoek "5.x.x"
    isemail "3.x.x"
    topo "3.x.x"

lodash@^4.17.15:
  version "4.17.21"
  resolved "https://registry.yarnpkg.com/lodash/-/lodash-4.17.21.tgz#679591c564c3bffaae8454cf0b3df370c3d6911c"
  integrity sha512-v2kDEe57lecTulaDIuNTPy3Ry4gLGJ6Z1O3vE1krgXZNrsQ+LFTGHVxVjcXPs17LhbZVGedAJv8XZ1tvj5FvSg==

long@^4.0.0:
  version "4.0.0"
  resolved "https://registry.yarnpkg.com/long/-/long-4.0.0.tgz#9a7b71cfb7d361a194ea555241c92f7468d5bf28"
  integrity sha512-XsP+KhQif4bjX1kbuSiySJFNAehNxgLb6hPRGJ9QsUr8ajHkuXGdrHmFUTUUXhDwVX2R5bY4JNZEwbUiMhV+MA==

lru-cache@^4.1.3:
  version "4.1.5"
  resolved "https://registry.yarnpkg.com/lru-cache/-/lru-cache-4.1.5.tgz#8bbe50ea85bed59bc9e33dcab8235ee9bcf443cd"
  integrity sha512-sWZlbEP2OsHNkXrMl5GYk/jKk70MBng6UU4YI/qGDYbgf6YbP4EvmqISbXCoJiRKs+1bSpFHVgQxvJ17F2li5g==
  dependencies:
    pseudomap "^1.0.2"
    yallist "^2.1.2"

lru-cache@^5.1.1:
  version "5.1.1"
  resolved "https://registry.yarnpkg.com/lru-cache/-/lru-cache-5.1.1.tgz#1da27e6710271947695daf6848e847f01d84b920"
  integrity sha512-KpNARQA3Iwv+jTA0utUVVbrh+Jlrr1Fv0e56GGzAFOXN7dk/FviaDW8LHmK52DlcH4WP2n6gI8vN1aesBFgo9w==
  dependencies:
    yallist "^3.0.2"

mime-db@1.x.x:
  version "1.42.0"
  resolved "https://registry.yarnpkg.com/mime-db/-/mime-db-1.42.0.tgz#3e252907b4c7adb906597b4b65636272cf9e7bac"
  integrity sha512-UbfJCR4UAVRNgMpfImz05smAXK7+c+ZntjaA26ANtkXLlOe947Aag5zdIcKQULAiF9Cq4WxBi9jUs5zkA84bYQ==

moment-timezone@^0.5.21:
  version "0.5.27"
  resolved "https://registry.yarnpkg.com/moment-timezone/-/moment-timezone-0.5.27.tgz#73adec8139b6fe30452e78f210f27b1f346b8877"
  integrity sha512-EIKQs7h5sAsjhPCqN6ggx6cEbs94GK050254TIJySD1bzoM5JTYDwAU1IoVOeTOL6Gm27kYJ51/uuvq1kIlrbw==
  dependencies:
    moment ">= 2.9.0"

"moment@>= 2.9.0", moment@^2.24.0:
  version "2.24.0"
  resolved "https://registry.yarnpkg.com/moment/-/moment-2.24.0.tgz#0d055d53f5052aa653c9f6eb68bb5d12bf5c2b5b"
  integrity sha512-bV7f+6l2QigeBBZSM/6yTNq4P2fNpSWj/0e7jQcy87A8e7o2nAfP/34/2ky5Vw4B9S446EtIhodAzkFCcR4dQg==

ms@^2.1.1:
  version "2.1.2"
  resolved "https://registry.yarnpkg.com/ms/-/ms-2.1.2.tgz#d09d1f357b443f493382a8eb3ccd183872ae6009"
  integrity sha512-sGkPx+VjMtmA6MX27oA4FBFELFCZZ4S4XqeGOXCv68tT+jb3vk/RyaKWP0PTKyWtmLSM0b+adUTEvbs1PEaH2w==

mysql2@^1.7.0:
  version "1.7.0"
  resolved "https://registry.yarnpkg.com/mysql2/-/mysql2-1.7.0.tgz#2fbf314da016a61d038ffcd57a2a0aa3b7b8eacc"
  integrity sha512-xTWWQPjP5rcrceZQ7CSTKR/4XIDeH/cRkNH/uzvVGQ7W5c7EJ0dXeJUusk7OKhIoHj7uFKUxDVSCfLIl+jluog==
  dependencies:
    denque "^1.4.1"
    generate-function "^2.3.1"
    iconv-lite "^0.5.0"
    long "^4.0.0"
    lru-cache "^5.1.1"
    named-placeholders "^1.1.2"
    seq-queue "^0.0.5"
    sqlstring "^2.3.1"

named-placeholders@^1.1.2:
  version "1.1.2"
  resolved "https://registry.yarnpkg.com/named-placeholders/-/named-placeholders-1.1.2.tgz#ceb1fbff50b6b33492b5cf214ccf5e39cef3d0e8"
  integrity sha512-wiFWqxoLL3PGVReSZpjLVxyJ1bRqe+KKJVbr4hGs1KWfTZTQyezHFBbuKj9hsizHyGV2ne7EMjHdxEGAybD5SA==
  dependencies:
    lru-cache "^4.1.3"

pseudomap@^1.0.2:
  version "1.0.2"
  resolved "https://registry.yarnpkg.com/pseudomap/-/pseudomap-1.0.2.tgz#f052a28da70e618917ef0a8ac34c1ae5a68286b3"
  integrity sha1-8FKijacOYYkX7wqKw0wa5aaChrM=

punycode@2.x.x:
  version "2.1.1"
  resolved "https://registry.yarnpkg.com/punycode/-/punycode-2.1.1.tgz#b58b010ac40c22c5657616c8d2c2c02c7bf479ec"
  integrity sha512-XRsRjdf+j5ml+y/6GKHPZbrF/8p2Yga0JPtdqTIY2Xe5ohJPD9saDJJLPvp9+NSBprVvevdXZybnj2cv8OEd0A==

retry-as-promised@^3.2.0:
  version "3.2.0"
  resolved "https://registry.yarnpkg.com/retry-as-promised/-/retry-as-promised-3.2.0.tgz#769f63d536bec4783549db0777cb56dadd9d8543"
  integrity sha512-CybGs60B7oYU/qSQ6kuaFmRd9sTZ6oXSc0toqePvV74Ac6/IFZSI1ReFQmtCN+uvW1Mtqdwpvt/LGOiCBAY2Mg==
  dependencies:
    any-promise "^1.3.0"

"safer-buffer@>= 2.1.2 < 3":
  version "2.1.2"
  resolved "https://registry.yarnpkg.com/safer-buffer/-/safer-buffer-2.1.2.tgz#44fa161b0187b9549dd84bb91802f9bd8385cd6a"
  integrity sha512-YZo3K82SD7Riyi0E1EQPojLz7kpepnSQI9IyPbHHg1XXXevb5dJI7tpyN2ADxGcQbHG7vcyRHk0cbwqcQriUtg==

semver@^6.3.0:
  version "6.3.0"
  resolved "https://registry.yarnpkg.com/semver/-/semver-6.3.0.tgz#ee0a64c8af5e8ceea67687b133761e1becbd1d3d"
  integrity sha512-b39TBaTSfV6yBrapU89p5fKekE2m/NwnDocOVruQFS1/veMgdzuPcnOM34M6CwxW8jH/lxEa5rBoDeUwu5HHTw==

seq-queue@^0.0.5:
  version "0.0.5"
  resolved "https://registry.yarnpkg.com/seq-queue/-/seq-queue-0.0.5.tgz#d56812e1c017a6e4e7c3e3a37a1da6d78dd3c93e"
  integrity sha1-1WgS4cAXpuTnw+Ojeh2m143TyT4=

sequelize-pool@^2.3.0:
  version "2.3.0"
  resolved "https://registry.yarnpkg.com/sequelize-pool/-/sequelize-pool-2.3.0.tgz#64f1fe8744228172c474f530604b6133be64993d"
  integrity sha512-Ibz08vnXvkZ8LJTiUOxRcj1Ckdn7qafNZ2t59jYHMX1VIebTAOYefWdRYFt6z6+hy52WGthAHAoLc9hvk3onqA==

sequelize@^5.19.0:
  version "5.21.2"
  resolved "https://registry.yarnpkg.com/sequelize/-/sequelize-5.21.2.tgz#0daeee9bef37d49490b72a2c6891d53044f65a18"
  integrity sha512-MEqJ9NwQi4oy/ylLb2WkfPmhki/BOXC/gJfc8uWUUTETcpLwD1y/5bI1kqVh+qWcECHNsE9G4lmhj5hFbsxqvA==
  dependencies:
    bluebird "^3.5.0"
    cls-bluebird "^2.1.0"
    debug "^4.1.1"
    dottie "^2.0.0"
    inflection "1.12.0"
    lodash "^4.17.15"
    moment "^2.24.0"
    moment-timezone "^0.5.21"
    retry-as-promised "^3.2.0"
    semver "^6.3.0"
    sequelize-pool "^2.3.0"
    toposort-class "^1.0.1"
    uuid "^3.3.3"
    validator "^10.11.0"
    wkx "^0.4.8"

shimmer@^1.1.0:
  version "1.2.1"
  resolved "https://registry.yarnpkg.com/shimmer/-/shimmer-1.2.1.tgz#610859f7de327b587efebf501fb43117f9aff337"
  integrity sha512-sQTKC1Re/rM6XyFM6fIAGHRPVGvyXfgzIDvzoq608vM+jeyVD0Tu1E6Np0Kc2zAIFWIj963V2800iF/9LPieQw==

sqlstring@^2.3.1:
  version "2.3.1"
  resolved "https://registry.yarnpkg.com/sqlstring/-/sqlstring-2.3.1.tgz#475393ff9e91479aea62dcaf0ca3d14983a7fb40"
  integrity sha1-R1OT/56RR5rqYtyvDKPRSYOn+0A=

topo@3.x.x:
  version "3.0.3"
  resolved "https://registry.yarnpkg.com/topo/-/topo-3.0.3.tgz#d5a67fb2e69307ebeeb08402ec2a2a6f5f7ad95c"
  integrity sha512-IgpPtvD4kjrJ7CRA3ov2FhWQADwv+Tdqbsf1ZnPUSAtCJ9e1Z44MmoSGDXGk4IppoZA7jd/QRkNddlLJWlUZsQ==
  dependencies:
    hoek "6.x.x"

toposort-class@^1.0.1:
  version "1.0.1"
  resolved "https://registry.yarnpkg.com/toposort-class/-/toposort-class-1.0.1.tgz#7ffd1f78c8be28c3ba45cd4e1a3f5ee193bd9988"
  integrity sha1-f/0feMi+KMO6Rc1OGj9e4ZO9mYg=

underscore@^1.9.1:
  version "1.9.1"
  resolved "https://registry.yarnpkg.com/underscore/-/underscore-1.9.1.tgz#06dce34a0e68a7babc29b365b8e74b8925203961"
  integrity sha512-5/4etnCkd9c8gwgowi5/om/mYO5ajCaOgdzj/oW+0eQV9WxKBDZw5+ycmKmeaTXjInS/W0BzpGLo2xR2aBwZdg==

uuid@^3.3.3:
  version "3.3.3"
  resolved "https://registry.yarnpkg.com/uuid/-/uuid-3.3.3.tgz#4568f0216e78760ee1dbf3a4d2cf53e224112866"
  integrity sha512-pW0No1RGHgzlpHJO1nsVrHKpOEIxkGg1xB+v0ZmdNH5OAeAwzAVrCnI2/6Mtx+Uys6iaylxa+D3g4j63IKKjSQ==

validator@^10.11.0:
  version "10.11.0"
  resolved "https://registry.yarnpkg.com/validator/-/validator-10.11.0.tgz#003108ea6e9a9874d31ccc9e5006856ccd76b228"
  integrity sha512-X/p3UZerAIsbBfN/IwahhYaBbY68EN/UQBWHtsbXGT5bfrH/p4NQzUCG1kF/rtKaNpnJ7jAu6NGTdSNtyNIXMw==

wkx@^0.4.8:
  version "0.4.8"
  resolved "https://registry.yarnpkg.com/wkx/-/wkx-0.4.8.tgz#a092cf088d112683fdc7182fd31493b2c5820003"
  integrity sha512-ikPXMM9IR/gy/LwiOSqWlSL3X/J5uk9EO2hHNRXS41eTLXaUFEVw9fn/593jW/tE5tedNg8YjT5HkCa4FqQZyQ==
  dependencies:
    "@types/node" "*"

yallist@^2.1.2:
  version "2.1.2"
  resolved "https://registry.yarnpkg.com/yallist/-/yallist-2.1.2.tgz#1c11f9218f076089a47dd512f93c6699a6a81d52"
  integrity sha1-HBH5IY8HYImkfdUS+TxmmaaoHVI=

yallist@^3.0.2:
  version "3.1.1"
  resolved "https://registry.yarnpkg.com/yallist/-/yallist-3.1.1.tgz#dbb7daf9bfd8bac9ab45ebf602b8cbad0d5d08fd"
  integrity sha512-a4UGQaWPH59mOXUYnAG2ewncQS4i4F43Tv3JoAM+s2VDAmS9NsK8GpDMLrCHPksFT7h3K6TOoUNn2pb7RoXx4g==
